{
	  "name": "project",
	  "version": "1.0.0",
	  "lockfileVersion": 3,
	  "requires": true,
	"scripts":  {
		"build": "powershell -ExecutionPolicy ByPass -File \"C:\\Users\\User\\Desktop\\youtube\\ham\\invoicer\\build.ps1\""
},
	  "packages": {
	  	  "": {
	  	  	  "name": "project",
	  	  	  "version": "1.0.0",
	  	  	  "dependencies": {
	  	  	  	  "@boudev/magicui": "^1.0.12",
	  	  	  	  "typescript": "^5.5.4"
	  	  	  }
	  	  },
	  	  "node_modules/@boudev/magicui": {
	  	  	  "version": "1.0.12",
	  	  	  "resolved": "https://registry.npmjs.org/@boudev/magicui/-/magicui-1.0.12.tgz",
	  	  	  "integrity": "sha512-pFZr8EaS/uUS4mIXLuhS+AOIjG0yi0qG9Y4I/mDym1s/+Ip/euYQi161rrtZWw2vzkzBb3Ad7LgToGfEz0ToOg==",
	  	  	  "license": "ISC"
	  	  },
	  	  "node_modules/typescript": {
	  	  	  "version": "5.5.4",
	  	  	  "resolved": "https://registry.npmjs.org/typescript/-/typescript-5.5.4.tgz",
	  	  	  "integrity": "sha512-Mtq29sKDAEYP7aljRgtPOpTvOfbwRWlS6dPRzwjdE+C0R4brX/GUyhHSecbHMFLNBLcJIPt9nl9yG5TZ1weH+Q==",
	  	  	  "license": "Apache-2.0",
	  	  	  "bin": {
	  	  	  	  "tsc": "bin/tsc",
	  	  	  	  "tsserver": "bin/tsserver"
	  	  	  },
	  	  	  "engines": {
	  	  	  	  "node": ">=14.17"
	  	  	  }
	  	  }
	  }
}
